
Microsoft Visual Studio Solution File, Format Version 11.00
# Visual Studio 2010
Project("{F184B08F-C81C-45F6-A57F-5ABD9991F28F}") = "OT_Spammer", "OT_Spammer\OT_Spammer.vbproj", "{89B7CF6C-6E9C-4BC6-A10B-EB9C2DC0B90E}"
EndProject
Global
	GlobalSection(SolutionConfigurationPlatforms) = preSolution
		Debug|Any CPU = Debug|Any CPU
		Release|Any CPU = Release|Any CPU
	EndGlobalSection
	GlobalSection(ProjectConfigurationPlatforms) = postSolution
		{89B7CF6C-6E9C-4BC6-A10B-EB9C2DC0B90E}.Debug|Any CPU.ActiveCfg = Debug|Any CPU
		{89B7CF6C-6E9C-4BC6-A10B-EB9C2DC0B90E}.Debug|Any CPU.Build.0 = Debug|Any CPU
		{89B7CF6C-6E9C-4BC6-A10B-EB9C2DC0B90E}.Release|Any CPU.ActiveCfg = Release|Any CPU
		{89B7CF6C-6E9C-4BC6-A10B-EB9C2DC0B90E}.Release|Any CPU.Build.0 = Release|Any CPU
	EndGlobalSection
	GlobalSection(SolutionProperties) = preSolution
		HideSolutionNode = FALSE
	EndGlobalSection
EndGlobal
